
Microsoft Visual Studio Solution File, Format Version 12.00
# Visual Studio Version 17
VisualStudioVersion = 17.9.34723.18
MinimumVisualStudioVersion = 10.0.40219.1
Project("{FAE04EC0-301F-11D3-BF4B-00C04F79EFBC}") = "SearchProjectGitHub.Web", "SearchProjectGitHub.Web\SearchProjectGitHub.Web.csproj", "{CDA0134C-3459-4643-AF60-1D578506FFB8}"
EndProject
Project("{FAE04EC0-301F-11D3-BF4B-00C04F79EFBC}") = "SearchProjectGitHub.DataAccess", "SearchProjectGitHub.DataAccess\SearchProjectGitHub.DataAccess.csproj", "{9175B35E-8BBA-4177-874D-0C9A119E8CB4}"
EndProject
Project("{FAE04EC0-301F-11D3-BF4B-00C04F79EFBC}") = "SearchProjectGitHub.BusinessLayer", "SearchProjectGitHub.BusinessLayer\SearchProjectGitHub.BusinessLayer.csproj", "{4DF0F2C2-1AFF-4742-A44E-012210E0D4AA}"
EndProject
Project("{FAE04EC0-301F-11D3-BF4B-00C04F79EFBC}") = "SearchProjectGitHub.Infrastructure", "SearchProjectGitHub.Infrastructure\SearchProjectGitHub.Infrastructure.csproj", "{4BD09F4A-62DA-4911-8835-0651923286E7}"
EndProject
Global
	GlobalSection(SolutionConfigurationPlatforms) = preSolution
		Debug|Any CPU = Debug|Any CPU
		Release|Any CPU = Release|Any CPU
	EndGlobalSection
	GlobalSection(ProjectConfigurationPlatforms) = postSolution
		{CDA0134C-3459-4643-AF60-1D578506FFB8}.Debug|Any CPU.ActiveCfg = Debug|Any CPU
		{CDA0134C-3459-4643-AF60-1D578506FFB8}.Debug|Any CPU.Build.0 = Debug|Any CPU
		{CDA0134C-3459-4643-AF60-1D578506FFB8}.Release|Any CPU.ActiveCfg = Release|Any CPU
		{CDA0134C-3459-4643-AF60-1D578506FFB8}.Release|Any CPU.Build.0 = Release|Any CPU
		{9175B35E-8BBA-4177-874D-0C9A119E8CB4}.Debug|Any CPU.ActiveCfg = Debug|Any CPU
		{9175B35E-8BBA-4177-874D-0C9A119E8CB4}.Debug|Any CPU.Build.0 = Debug|Any CPU
		{9175B35E-8BBA-4177-874D-0C9A119E8CB4}.Release|Any CPU.ActiveCfg = Release|Any CPU
		{9175B35E-8BBA-4177-874D-0C9A119E8CB4}.Release|Any CPU.Build.0 = Release|Any CPU
		{4DF0F2C2-1AFF-4742-A44E-012210E0D4AA}.Debug|Any CPU.ActiveCfg = Debug|Any CPU
		{4DF0F2C2-1AFF-4742-A44E-012210E0D4AA}.Debug|Any CPU.Build.0 = Debug|Any CPU
		{4DF0F2C2-1AFF-4742-A44E-012210E0D4AA}.Release|Any CPU.ActiveCfg = Release|Any CPU
		{4DF0F2C2-1AFF-4742-A44E-012210E0D4AA}.Release|Any CPU.Build.0 = Release|Any CPU
		{4BD09F4A-62DA-4911-8835-0651923286E7}.Debug|Any CPU.ActiveCfg = Debug|Any CPU
		{4BD09F4A-62DA-4911-8835-0651923286E7}.Debug|Any CPU.Build.0 = Debug|Any CPU
		{4BD09F4A-62DA-4911-8835-0651923286E7}.Release|Any CPU.ActiveCfg = Release|Any CPU
		{4BD09F4A-62DA-4911-8835-0651923286E7}.Release|Any CPU.Build.0 = Release|Any CPU
	EndGlobalSection
	GlobalSection(SolutionProperties) = preSolution
		HideSolutionNode = FALSE
	EndGlobalSection
	GlobalSection(ExtensibilityGlobals) = postSolution
		SolutionGuid = {C64F8DBA-C668-441A-9D3B-208210C0B77B}
	EndGlobalSection
EndGlobal
